
Microsoft Visual Studio Solution File, Format Version 12.00
# Visual Studio Version 16
VisualStudioVersion = 16.0.30907.101
MinimumVisualStudioVersion = 10.0.40219.1
Project("{F184B08F-C81C-45F6-A57F-5ABD9991F28F}") = "Attendance-Automation", "Attendance-Automation\Attendance-Automation.vbproj", "{E4652823-AF24-4AA8-95EA-00B5859CA683}"
EndProject
Global
	GlobalSection(SolutionConfigurationPlatforms) = preSolution
		Debug|Any CPU = Debug|Any CPU
		Release|Any CPU = Release|Any CPU
	EndGlobalSection
	GlobalSection(ProjectConfigurationPlatforms) = postSolution
		{E4652823-AF24-4AA8-95EA-00B5859CA683}.Debug|Any CPU.ActiveCfg = Debug|Any CPU
		{E4652823-AF24-4AA8-95EA-00B5859CA683}.Debug|Any CPU.Build.0 = Debug|Any CPU
		{E4652823-AF24-4AA8-95EA-00B5859CA683}.Release|Any CPU.ActiveCfg = Release|Any CPU
		{E4652823-AF24-4AA8-95EA-00B5859CA683}.Release|Any CPU.Build.0 = Release|Any CPU
	EndGlobalSection
	GlobalSection(SolutionProperties) = preSolution
		HideSolutionNode = FALSE
	EndGlobalSection
	GlobalSection(ExtensibilityGlobals) = postSolution
		SolutionGuid = {A6C6C31B-3092-4F36-BFA1-E3B5757D0287}
	EndGlobalSection
EndGlobal
